
Microsoft Visual Studio Solution File, Format Version 12.00
# Visual Studio Version 16
VisualStudioVersion = 16.0.810.6
MinimumVisualStudioVersion = 10.0.40219.1
Project("{FAE04EC0-301F-11D3-BF4B-00C04F79EFBC}") = "task-1", "task-1\task-1.csproj", "{C1806F27-4641-4921-A490-CF87B6F36101}"
EndProject
Global
	GlobalSection(SolutionConfigurationPlatforms) = preSolution
		Debug|Any CPU = Debug|Any CPU
		Release|Any CPU = Release|Any CPU
	EndGlobalSection
	GlobalSection(ProjectConfigurationPlatforms) = postSolution
		{C1806F27-4641-4921-A490-CF87B6F36101}.Debug|Any CPU.ActiveCfg = Debug|Any CPU
		{C1806F27-4641-4921-A490-CF87B6F36101}.Debug|Any CPU.Build.0 = Debug|Any CPU
		{C1806F27-4641-4921-A490-CF87B6F36101}.Release|Any CPU.ActiveCfg = Release|Any CPU
		{C1806F27-4641-4921-A490-CF87B6F36101}.Release|Any CPU.Build.0 = Release|Any CPU
	EndGlobalSection
	GlobalSection(SolutionProperties) = preSolution
		HideSolutionNode = FALSE
	EndGlobalSection
	GlobalSection(ExtensibilityGlobals) = postSolution
		SolutionGuid = {542FA6AE-A756-4944-9DC0-19B0BD7F0C69}
	EndGlobalSection
EndGlobal
