
Microsoft Visual Studio Solution File, Format Version 12.00
# Visual Studio Version 16
VisualStudioVersion = 16.0.810.6
MinimumVisualStudioVersion = 10.0.40219.1
Project("{FAE04EC0-301F-11D3-BF4B-00C04F79EFBC}") = "task-2", "task-2\task-2.csproj", "{15326B0B-44B2-472C-9B9E-C48E381810D0}"
EndProject
Global
	GlobalSection(SolutionConfigurationPlatforms) = preSolution
		Debug|Any CPU = Debug|Any CPU
		Release|Any CPU = Release|Any CPU
	EndGlobalSection
	GlobalSection(ProjectConfigurationPlatforms) = postSolution
		{15326B0B-44B2-472C-9B9E-C48E381810D0}.Debug|Any CPU.ActiveCfg = Debug|Any CPU
		{15326B0B-44B2-472C-9B9E-C48E381810D0}.Debug|Any CPU.Build.0 = Debug|Any CPU
		{15326B0B-44B2-472C-9B9E-C48E381810D0}.Release|Any CPU.ActiveCfg = Release|Any CPU
		{15326B0B-44B2-472C-9B9E-C48E381810D0}.Release|Any CPU.Build.0 = Release|Any CPU
	EndGlobalSection
	GlobalSection(SolutionProperties) = preSolution
		HideSolutionNode = FALSE
	EndGlobalSection
	GlobalSection(ExtensibilityGlobals) = postSolution
		SolutionGuid = {311C5F4E-373F-440D-9D28-F1E831873195}
	EndGlobalSection
EndGlobal
